
Microsoft Visual Studio Solution File, Format Version 12.00
# Visual Studio Version 16
VisualStudioVersion = 16.0.30128.74
MinimumVisualStudioVersion = 10.0.40219.1
Project("{FAE04EC0-301F-11D3-BF4B-00C04F79EFBC}") = "XamarinLabelSample.Android", "XamarinLabelSample\XamarinLabelSample.Android\XamarinLabelSample.Android.csproj", "{DDAA9304-51FE-4D6A-9AE1-4AE16FBD9EE7}"
EndProject
Project("{FAE04EC0-301F-11D3-BF4B-00C04F79EFBC}") = "XamarinLabelSample", "XamarinLabelSample\XamarinLabelSample\XamarinLabelSample.csproj", "{497E65B1-0D62-4A4E-84BA-43A46A2BA42B}"
EndProject
Global
	GlobalSection(SolutionConfigurationPlatforms) = preSolution
		Debug|Any CPU = Debug|Any CPU
		Release|Any CPU = Release|Any CPU
	EndGlobalSection
	GlobalSection(ProjectConfigurationPlatforms) = postSolution
		{DDAA9304-51FE-4D6A-9AE1-4AE16FBD9EE7}.Debug|Any CPU.ActiveCfg = Debug|Any CPU
		{DDAA9304-51FE-4D6A-9AE1-4AE16FBD9EE7}.Debug|Any CPU.Build.0 = Debug|Any CPU
		{DDAA9304-51FE-4D6A-9AE1-4AE16FBD9EE7}.Debug|Any CPU.Deploy.0 = Debug|Any CPU
		{DDAA9304-51FE-4D6A-9AE1-4AE16FBD9EE7}.Release|Any CPU.ActiveCfg = Release|Any CPU
		{DDAA9304-51FE-4D6A-9AE1-4AE16FBD9EE7}.Release|Any CPU.Build.0 = Release|Any CPU
		{DDAA9304-51FE-4D6A-9AE1-4AE16FBD9EE7}.Release|Any CPU.Deploy.0 = Release|Any CPU
		{497E65B1-0D62-4A4E-84BA-43A46A2BA42B}.Debug|Any CPU.ActiveCfg = Debug|Any CPU
		{497E65B1-0D62-4A4E-84BA-43A46A2BA42B}.Debug|Any CPU.Build.0 = Debug|Any CPU
		{497E65B1-0D62-4A4E-84BA-43A46A2BA42B}.Debug|Any CPU.Deploy.0 = Debug|Any CPU
		{497E65B1-0D62-4A4E-84BA-43A46A2BA42B}.Release|Any CPU.ActiveCfg = Release|Any CPU
		{497E65B1-0D62-4A4E-84BA-43A46A2BA42B}.Release|Any CPU.Build.0 = Release|Any CPU
		{497E65B1-0D62-4A4E-84BA-43A46A2BA42B}.Release|Any CPU.Deploy.0 = Release|Any CPU
	EndGlobalSection
	GlobalSection(SolutionProperties) = preSolution
		HideSolutionNode = FALSE
	EndGlobalSection
	GlobalSection(ExtensibilityGlobals) = postSolution
		SolutionGuid = {F2FB4293-6631-4848-A148-A6C4F24333BB}
	EndGlobalSection
EndGlobal
